GITHUBTARBALL
  remote: boxen/puppet-boxen
  specs:
    boxen (0.0.28)

GITHUBTARBALL
  remote: boxen/puppet-git
  specs:
    git (0.0.3)

GITHUBTARBALL
  remote: boxen/puppet-homebrew
  specs:
    homebrew (0.0.15)

GITHUBTARBALL
  remote: boxen/puppet-inifile
  specs:
    inifile (0.0.1)

GITHUBTARBALL
  remote: boxen/puppet-python
  specs:
    python (0.0.3)

GITHUBTARBALL
  remote: boxen/puppet-sudo
  specs:
    sudo (0.0.1)

GITHUBTARBALL
  remote: boxen/puppet-xquartz
  specs:
    xquartz (0.0.2)

GITHUBTARBALL
  remote: puppetlabs/puppetlabs-stdlib
  specs:
    stdlib (3.0.0)

GITHUBTARBALL
  remote: sr/puppet-cabine
  specs:
    cabine (0.0.0)

DEPENDENCIES
  boxen (= 0.0.28)
  cabine (= 0.0.0)
  git (= 0.0.3)
  homebrew (= 0.0.15)
  inifile (= 0.0.1)
  python (= 0.0.3)
  stdlib (= 3.0.0)
  sudo (= 0.0.1)
  xquartz (= 0.0.2)

